
Microsoft Visual Studio Solution File, Format Version 12.00
# Visual Studio Version 16
VisualStudioVersion = 16.0.30114.105
MinimumVisualStudioVersion = 10.0.40219.1
Project("{FAE04EC0-301F-11D3-BF4B-00C04F79EFBC}") = "EmailAPI", "EmailAPI\EmailAPI.csproj", "{51C5F211-6D96-4A57-8EB9-B24F3FB2ECF5}"
EndProject
Global
	GlobalSection(SolutionConfigurationPlatforms) = preSolution
		Debug|Any CPU = Debug|Any CPU
		Release|Any CPU = Release|Any CPU
	EndGlobalSection
	GlobalSection(ProjectConfigurationPlatforms) = postSolution
		{51C5F211-6D96-4A57-8EB9-B24F3FB2ECF5}.Debug|Any CPU.ActiveCfg = Debug|Any CPU
		{51C5F211-6D96-4A57-8EB9-B24F3FB2ECF5}.Debug|Any CPU.Build.0 = Debug|Any CPU
		{51C5F211-6D96-4A57-8EB9-B24F3FB2ECF5}.Release|Any CPU.ActiveCfg = Release|Any CPU
		{51C5F211-6D96-4A57-8EB9-B24F3FB2ECF5}.Release|Any CPU.Build.0 = Release|Any CPU
	EndGlobalSection
	GlobalSection(SolutionProperties) = preSolution
		HideSolutionNode = FALSE
	EndGlobalSection
	GlobalSection(ExtensibilityGlobals) = postSolution
		SolutionGuid = {776D962B-FF11-4254-80CB-96BCA5A4E55B}
	EndGlobalSection
EndGlobal
