
Microsoft Visual Studio Solution File, Format Version 12.00
# Visual Studio Version 16
VisualStudioVersion = 16.0.30225.117
MinimumVisualStudioVersion = 10.0.40219.1
Project("{FAE04EC0-301F-11D3-BF4B-00C04F79EFBC}") = "MiniProfiler", "MiniProfiler\MiniProfiler.csproj", "{781B3B62-217C-4491-8ACF-396F3E4C7507}"
EndProject
Global
	GlobalSection(SolutionConfigurationPlatforms) = preSolution
		Debug|Any CPU = Debug|Any CPU
		Release|Any CPU = Release|Any CPU
	EndGlobalSection
	GlobalSection(ProjectConfigurationPlatforms) = postSolution
		{781B3B62-217C-4491-8ACF-396F3E4C7507}.Debug|Any CPU.ActiveCfg = Debug|Any CPU
		{781B3B62-217C-4491-8ACF-396F3E4C7507}.Debug|Any CPU.Build.0 = Debug|Any CPU
		{781B3B62-217C-4491-8ACF-396F3E4C7507}.Release|Any CPU.ActiveCfg = Release|Any CPU
		{781B3B62-217C-4491-8ACF-396F3E4C7507}.Release|Any CPU.Build.0 = Release|Any CPU
	EndGlobalSection
	GlobalSection(SolutionProperties) = preSolution
		HideSolutionNode = FALSE
	EndGlobalSection
	GlobalSection(ExtensibilityGlobals) = postSolution
		SolutionGuid = {0FECF5B4-FCF5-481D-BAC3-C0583A90E85E}
	EndGlobalSection
EndGlobal
