
Microsoft Visual Studio Solution File, Format Version 12.00
# Visual Studio Version 16
VisualStudioVersion = 16.0.30225.117
MinimumVisualStudioVersion = 10.0.40219.1
Project("{9A19103F-16F7-4668-BE54-9A1E7A4F7556}") = "WebApi", "aspnet-core-3-jwt-refresh-tokens-api-master\WebApi.csproj", "{4DC8DDA0-1212-45A4-959B-FCC05AC82D7C}"
EndProject
Global
	GlobalSection(SolutionConfigurationPlatforms) = preSolution
		Debug|Any CPU = Debug|Any CPU
		Release|Any CPU = Release|Any CPU
	EndGlobalSection
	GlobalSection(ProjectConfigurationPlatforms) = postSolution
		{4DC8DDA0-1212-45A4-959B-FCC05AC82D7C}.Debug|Any CPU.ActiveCfg = Debug|Any CPU
		{4DC8DDA0-1212-45A4-959B-FCC05AC82D7C}.Debug|Any CPU.Build.0 = Debug|Any CPU
		{4DC8DDA0-1212-45A4-959B-FCC05AC82D7C}.Release|Any CPU.ActiveCfg = Release|Any CPU
		{4DC8DDA0-1212-45A4-959B-FCC05AC82D7C}.Release|Any CPU.Build.0 = Release|Any CPU
	EndGlobalSection
	GlobalSection(SolutionProperties) = preSolution
		HideSolutionNode = FALSE
	EndGlobalSection
	GlobalSection(ExtensibilityGlobals) = postSolution
		SolutionGuid = {B42AEA88-C19D-4F83-AF67-E86657B951C8}
	EndGlobalSection
EndGlobal
