
Microsoft Visual Studio Solution File, Format Version 12.00
# Visual Studio Version 16
VisualStudioVersion = 16.0.30225.117
MinimumVisualStudioVersion = 10.0.40219.1
Project("{9A19103F-16F7-4668-BE54-9A1E7A4F7556}") = "IdentityServer", "IdentityServer\IdentityServer.csproj", "{9DCB05D2-DF19-426C-828A-6A4E80E22734}"
EndProject
Project("{9A19103F-16F7-4668-BE54-9A1E7A4F7556}") = "Client", "ApiClient\Client.csproj", "{5EEB9ECC-042F-4CB8-815F-691F43CD4F1E}"
EndProject
Project("{9A19103F-16F7-4668-BE54-9A1E7A4F7556}") = "Api", "ApiTwo\Api.csproj", "{A89948B6-052C-472A-874D-79DB8D835F94}"
EndProject
Global
	GlobalSection(SolutionConfigurationPlatforms) = preSolution
		Debug|Any CPU = Debug|Any CPU
		Release|Any CPU = Release|Any CPU
	EndGlobalSection
	GlobalSection(ProjectConfigurationPlatforms) = postSolution
		{9DCB05D2-DF19-426C-828A-6A4E80E22734}.Debug|Any CPU.ActiveCfg = Debug|Any CPU
		{9DCB05D2-DF19-426C-828A-6A4E80E22734}.Debug|Any CPU.Build.0 = Debug|Any CPU
		{9DCB05D2-DF19-426C-828A-6A4E80E22734}.Release|Any CPU.ActiveCfg = Release|Any CPU
		{9DCB05D2-DF19-426C-828A-6A4E80E22734}.Release|Any CPU.Build.0 = Release|Any CPU
		{5EEB9ECC-042F-4CB8-815F-691F43CD4F1E}.Debug|Any CPU.ActiveCfg = Debug|Any CPU
		{5EEB9ECC-042F-4CB8-815F-691F43CD4F1E}.Debug|Any CPU.Build.0 = Debug|Any CPU
		{5EEB9ECC-042F-4CB8-815F-691F43CD4F1E}.Release|Any CPU.ActiveCfg = Release|Any CPU
		{5EEB9ECC-042F-4CB8-815F-691F43CD4F1E}.Release|Any CPU.Build.0 = Release|Any CPU
		{A89948B6-052C-472A-874D-79DB8D835F94}.Debug|Any CPU.ActiveCfg = Debug|Any CPU
		{A89948B6-052C-472A-874D-79DB8D835F94}.Debug|Any CPU.Build.0 = Debug|Any CPU
		{A89948B6-052C-472A-874D-79DB8D835F94}.Release|Any CPU.ActiveCfg = Release|Any CPU
		{A89948B6-052C-472A-874D-79DB8D835F94}.Release|Any CPU.Build.0 = Release|Any CPU
	EndGlobalSection
	GlobalSection(SolutionProperties) = preSolution
		HideSolutionNode = FALSE
	EndGlobalSection
	GlobalSection(ExtensibilityGlobals) = postSolution
		SolutionGuid = {5707FF38-DFE8-4B78-8388-67EBE28CDC8D}
	EndGlobalSection
EndGlobal
